
Microsoft Visual Studio Solution File, Format Version 12.00
# Visual Studio 2013
VisualStudioVersion = 12.0.21005.1
MinimumVisualStudioVersion = 10.0.40219.1
Project("{FAE04EC0-301F-11D3-BF4B-00C04F79EFBC}") = "LSL_PRO.Utilities", "LSL_PRO.Utilities\LSL_PRO.Utilities.csproj", "{8F374A38-D754-445F-86AC-FAB25DDAC3E9}"
EndProject
Project("{FAE04EC0-301F-11D3-BF4B-00C04F79EFBC}") = "LSL_PRO.Kernel", "LSL_PRO.Kernel\LSL_PRO.Kernel.csproj", "{4C320EAE-AAED-40E1-8E97-5B178BB87280}"
EndProject
Project("{FAE04EC0-301F-11D3-BF4B-00C04F79EFBC}") = "LSL_PRO.DataAccess", "LSL_PRO.DataAccess\LSL_PRO.DataAccess.csproj", "{5E46EE60-8514-4048-BEA7-6A9E32430978}"
EndProject
Project("{FAE04EC0-301F-11D3-BF4B-00C04F79EFBC}") = "LSL_PRO_WEB", "LSL_PRO_WEB\LSL_PRO_WEB.csproj", "{AFF2FCAA-BCB2-4105-98C7-DB3AF8E36A47}"
EndProject
Project("{FAE04EC0-301F-11D3-BF4B-00C04F79EFBC}") = "LSL_PRO_BLL", "LSL_PRO_BLL\LSL_PRO_BLL.csproj", "{50B76529-F859-467B-8B7E-B6947B1DC29A}"
EndProject
Project("{FAE04EC0-301F-11D3-BF4B-00C04F79EFBC}") = "LSL_PRO_IBLL", "LSL_PRO_IBLL\LSL_PRO_IBLL.csproj", "{B2126636-85B0-4DCD-9097-D3FED60F0CCA}"
EndProject
Project("{FAE04EC0-301F-11D3-BF4B-00C04F79EFBC}") = "LSL_PRO_DAL", "LSL_PRO_DAL\LSL_PRO_DAL.csproj", "{79C4A1D7-978E-47C9-8E2B-3E7D3D03DFA4}"
EndProject
Project("{FAE04EC0-301F-11D3-BF4B-00C04F79EFBC}") = "LSL_PRO_IDAL", "LSL_PRO_IDAL\LSL_PRO_IDAL.csproj", "{6A384840-FF85-4592-B038-BE9E9D5B4DAB}"
EndProject
Project("{FAE04EC0-301F-11D3-BF4B-00C04F79EFBC}") = "LSL_PRO_Model", "LSL_PRO_Model\LSL_PRO_Model.csproj", "{6978D0BD-7162-4E67-BAEE-FAFF7FD36E83}"
EndProject
Project("{2150E333-8FDC-42A3-9474-1A3956D46DE8}") = "KernelCode", "KernelCode", "{F3C5698A-2C53-4D85-AF4B-F8D5A4CB4806}"
EndProject
Project("{2150E333-8FDC-42A3-9474-1A3956D46DE8}") = "Img", "Img", "{16E34141-8C97-4618-97B6-84A6EDAE4D57}"
EndProject
Global
	GlobalSection(SolutionConfigurationPlatforms) = preSolution
		Debug|Any CPU = Debug|Any CPU
		Release|Any CPU = Release|Any CPU
	EndGlobalSection
	GlobalSection(ProjectConfigurationPlatforms) = postSolution
		{8F374A38-D754-445F-86AC-FAB25DDAC3E9}.Debug|Any CPU.ActiveCfg = Debug|Any CPU
		{8F374A38-D754-445F-86AC-FAB25DDAC3E9}.Debug|Any CPU.Build.0 = Debug|Any CPU
		{8F374A38-D754-445F-86AC-FAB25DDAC3E9}.Release|Any CPU.ActiveCfg = Release|Any CPU
		{8F374A38-D754-445F-86AC-FAB25DDAC3E9}.Release|Any CPU.Build.0 = Release|Any CPU
		{4C320EAE-AAED-40E1-8E97-5B178BB87280}.Debug|Any CPU.ActiveCfg = Debug|Any CPU
		{4C320EAE-AAED-40E1-8E97-5B178BB87280}.Debug|Any CPU.Build.0 = Debug|Any CPU
		{4C320EAE-AAED-40E1-8E97-5B178BB87280}.Release|Any CPU.ActiveCfg = Release|Any CPU
		{4C320EAE-AAED-40E1-8E97-5B178BB87280}.Release|Any CPU.Build.0 = Release|Any CPU
		{5E46EE60-8514-4048-BEA7-6A9E32430978}.Debug|Any CPU.ActiveCfg = Debug|Any CPU
		{5E46EE60-8514-4048-BEA7-6A9E32430978}.Debug|Any CPU.Build.0 = Debug|Any CPU
		{5E46EE60-8514-4048-BEA7-6A9E32430978}.Release|Any CPU.ActiveCfg = Release|Any CPU
		{5E46EE60-8514-4048-BEA7-6A9E32430978}.Release|Any CPU.Build.0 = Release|Any CPU
		{AFF2FCAA-BCB2-4105-98C7-DB3AF8E36A47}.Debug|Any CPU.ActiveCfg = Debug|Any CPU
		{AFF2FCAA-BCB2-4105-98C7-DB3AF8E36A47}.Debug|Any CPU.Build.0 = Debug|Any CPU
		{AFF2FCAA-BCB2-4105-98C7-DB3AF8E36A47}.Release|Any CPU.ActiveCfg = Release|Any CPU
		{AFF2FCAA-BCB2-4105-98C7-DB3AF8E36A47}.Release|Any CPU.Build.0 = Release|Any CPU
		{50B76529-F859-467B-8B7E-B6947B1DC29A}.Debug|Any CPU.ActiveCfg = Debug|Any CPU
		{50B76529-F859-467B-8B7E-B6947B1DC29A}.Debug|Any CPU.Build.0 = Debug|Any CPU
		{50B76529-F859-467B-8B7E-B6947B1DC29A}.Release|Any CPU.ActiveCfg = Release|Any CPU
		{50B76529-F859-467B-8B7E-B6947B1DC29A}.Release|Any CPU.Build.0 = Release|Any CPU
		{B2126636-85B0-4DCD-9097-D3FED60F0CCA}.Debug|Any CPU.ActiveCfg = Debug|Any CPU
		{B2126636-85B0-4DCD-9097-D3FED60F0CCA}.Debug|Any CPU.Build.0 = Debug|Any CPU
		{B2126636-85B0-4DCD-9097-D3FED60F0CCA}.Release|Any CPU.ActiveCfg = Release|Any CPU
		{B2126636-85B0-4DCD-9097-D3FED60F0CCA}.Release|Any CPU.Build.0 = Release|Any CPU
		{79C4A1D7-978E-47C9-8E2B-3E7D3D03DFA4}.Debug|Any CPU.ActiveCfg = Debug|Any CPU
		{79C4A1D7-978E-47C9-8E2B-3E7D3D03DFA4}.Debug|Any CPU.Build.0 = Debug|Any CPU
		{79C4A1D7-978E-47C9-8E2B-3E7D3D03DFA4}.Release|Any CPU.ActiveCfg = Release|Any CPU
		{79C4A1D7-978E-47C9-8E2B-3E7D3D03DFA4}.Release|Any CPU.Build.0 = Release|Any CPU
		{6A384840-FF85-4592-B038-BE9E9D5B4DAB}.Debug|Any CPU.ActiveCfg = Debug|Any CPU
		{6A384840-FF85-4592-B038-BE9E9D5B4DAB}.Debug|Any CPU.Build.0 = Debug|Any CPU
		{6A384840-FF85-4592-B038-BE9E9D5B4DAB}.Release|Any CPU.ActiveCfg = Release|Any CPU
		{6A384840-FF85-4592-B038-BE9E9D5B4DAB}.Release|Any CPU.Build.0 = Release|Any CPU
		{6978D0BD-7162-4E67-BAEE-FAFF7FD36E83}.Debug|Any CPU.ActiveCfg = Debug|Any CPU
		{6978D0BD-7162-4E67-BAEE-FAFF7FD36E83}.Debug|Any CPU.Build.0 = Debug|Any CPU
		{6978D0BD-7162-4E67-BAEE-FAFF7FD36E83}.Release|Any CPU.ActiveCfg = Release|Any CPU
		{6978D0BD-7162-4E67-BAEE-FAFF7FD36E83}.Release|Any CPU.Build.0 = Release|Any CPU
	EndGlobalSection
	GlobalSection(SolutionProperties) = preSolution
		HideSolutionNode = FALSE
	EndGlobalSection
	GlobalSection(NestedProjects) = preSolution
		{4C320EAE-AAED-40E1-8E97-5B178BB87280} = {F3C5698A-2C53-4D85-AF4B-F8D5A4CB4806}
		{5E46EE60-8514-4048-BEA7-6A9E32430978} = {F3C5698A-2C53-4D85-AF4B-F8D5A4CB4806}
		{8F374A38-D754-445F-86AC-FAB25DDAC3E9} = {F3C5698A-2C53-4D85-AF4B-F8D5A4CB4806}
	EndGlobalSection
EndGlobal
